
Microsoft Visual Studio Solution File, Format Version 12.00
# Visual Studio 15
VisualStudioVersion = 15.0.28307.168
MinimumVisualStudioVersion = 10.0.40219.1
Project("{2150E333-8FDC-42A3-9474-1A3956D46DE8}") = "01、单例Singleton", "01、单例Singleton", "{A83433A3-095F-4499-B3D7-11C540DBBE86}"
EndProject
Project("{FAE04EC0-301F-11D3-BF4B-00C04F79EFBC}") = "DesignPatterm.Singleton", "DesignPatterm.Singleton\DesignPatterm.Singleton.csproj", "{FF5B3B7A-4197-4A14-9FB5-B7EFCCD0101A}"
EndProject
Project("{2150E333-8FDC-42A3-9474-1A3956D46DE8}") = "02、简单工厂SimpleFactory", "02、简单工厂SimpleFactory", "{73E7288B-CA47-44AA-8659-442ACC5625D8}"
EndProject
Project("{FAE04EC0-301F-11D3-BF4B-00C04F79EFBC}") = "DesignPatterm.SimpleFactory", "DesignPatterm.SimpleFactory\DesignPatterm.SimpleFactory.csproj", "{B0F0BD1A-A34B-45F2-BA90-11C08F654013}"
EndProject
Project("{2150E333-8FDC-42A3-9474-1A3956D46DE8}") = "03、工厂方法FactoryMethod", "03、工厂方法FactoryMethod", "{D7929B9F-32D7-4198-BE92-3AF634106A5B}"
EndProject
Project("{FAE04EC0-301F-11D3-BF4B-00C04F79EFBC}") = "DesignPattern.FactoryMethod", "DesignPattern.FactoryMethod\DesignPattern.FactoryMethod.csproj", "{880D9F99-A18E-4218-96C2-9250E0460479}"
EndProject
Project("{2150E333-8FDC-42A3-9474-1A3956D46DE8}") = "04、抽象工厂AbstractFactory", "04、抽象工厂AbstractFactory", "{4F681B38-6F8B-495E-8A6E-4684703CDC69}"
EndProject
Project("{FAE04EC0-301F-11D3-BF4B-00C04F79EFBC}") = "DesignPattern.AbstractFactory", "DesignPattern.AbstractFactory\DesignPattern.AbstractFactory.csproj", "{589A7CB2-039A-40F5-A2C1-8C5088C6A577}"
EndProject
Project("{2150E333-8FDC-42A3-9474-1A3956D46DE8}") = "05、原型Prototype", "05、原型Prototype", "{0D683191-C94C-4761-BA61-ACBDE0437951}"
EndProject
Project("{FAE04EC0-301F-11D3-BF4B-00C04F79EFBC}") = "DesignPattern.Prototype", "DesignPattern.Prototype\DesignPattern.Prototype.csproj", "{84E6D12E-2B48-46E7-A21D-FD984E47F24E}"
EndProject
Project("{2150E333-8FDC-42A3-9474-1A3956D46DE8}") = "06、建造者Builder", "06、建造者Builder", "{AF0AB974-FCBA-46CF-A00C-D4D865E3AB34}"
EndProject
Project("{FAE04EC0-301F-11D3-BF4B-00C04F79EFBC}") = "DesignPattern.Builder", "DesignPattern.Builder\DesignPattern.Builder.csproj", "{46C7B56A-6690-4CB0-B488-7FF1673BE269}"
EndProject
Project("{2150E333-8FDC-42A3-9474-1A3956D46DE8}") = "07、适配器Adapter", "07、适配器Adapter", "{B65B3D2A-DD3E-4319-A6E3-A6CD6086EC7B}"
EndProject
Project("{FAE04EC0-301F-11D3-BF4B-00C04F79EFBC}") = "DesignPattern.Adapter", "DesignPattern.Adapter\DesignPattern.Adapter.csproj", "{689B6214-3307-4330-B79B-851DEB99DFD0}"
EndProject
Global
	GlobalSection(SolutionConfigurationPlatforms) = preSolution
		Debug|Any CPU = Debug|Any CPU
		Release|Any CPU = Release|Any CPU
	EndGlobalSection
	GlobalSection(ProjectConfigurationPlatforms) = postSolution
		{FF5B3B7A-4197-4A14-9FB5-B7EFCCD0101A}.Debug|Any CPU.ActiveCfg = Debug|Any CPU
		{FF5B3B7A-4197-4A14-9FB5-B7EFCCD0101A}.Debug|Any CPU.Build.0 = Debug|Any CPU
		{FF5B3B7A-4197-4A14-9FB5-B7EFCCD0101A}.Release|Any CPU.ActiveCfg = Release|Any CPU
		{FF5B3B7A-4197-4A14-9FB5-B7EFCCD0101A}.Release|Any CPU.Build.0 = Release|Any CPU
		{B0F0BD1A-A34B-45F2-BA90-11C08F654013}.Debug|Any CPU.ActiveCfg = Debug|Any CPU
		{B0F0BD1A-A34B-45F2-BA90-11C08F654013}.Debug|Any CPU.Build.0 = Debug|Any CPU
		{B0F0BD1A-A34B-45F2-BA90-11C08F654013}.Release|Any CPU.ActiveCfg = Release|Any CPU
		{B0F0BD1A-A34B-45F2-BA90-11C08F654013}.Release|Any CPU.Build.0 = Release|Any CPU
		{880D9F99-A18E-4218-96C2-9250E0460479}.Debug|Any CPU.ActiveCfg = Debug|Any CPU
		{880D9F99-A18E-4218-96C2-9250E0460479}.Debug|Any CPU.Build.0 = Debug|Any CPU
		{880D9F99-A18E-4218-96C2-9250E0460479}.Release|Any CPU.ActiveCfg = Release|Any CPU
		{880D9F99-A18E-4218-96C2-9250E0460479}.Release|Any CPU.Build.0 = Release|Any CPU
		{589A7CB2-039A-40F5-A2C1-8C5088C6A577}.Debug|Any CPU.ActiveCfg = Debug|Any CPU
		{589A7CB2-039A-40F5-A2C1-8C5088C6A577}.Debug|Any CPU.Build.0 = Debug|Any CPU
		{589A7CB2-039A-40F5-A2C1-8C5088C6A577}.Release|Any CPU.ActiveCfg = Release|Any CPU
		{589A7CB2-039A-40F5-A2C1-8C5088C6A577}.Release|Any CPU.Build.0 = Release|Any CPU
		{84E6D12E-2B48-46E7-A21D-FD984E47F24E}.Debug|Any CPU.ActiveCfg = Debug|Any CPU
		{84E6D12E-2B48-46E7-A21D-FD984E47F24E}.Debug|Any CPU.Build.0 = Debug|Any CPU
		{84E6D12E-2B48-46E7-A21D-FD984E47F24E}.Release|Any CPU.ActiveCfg = Release|Any CPU
		{84E6D12E-2B48-46E7-A21D-FD984E47F24E}.Release|Any CPU.Build.0 = Release|Any CPU
		{46C7B56A-6690-4CB0-B488-7FF1673BE269}.Debug|Any CPU.ActiveCfg = Debug|Any CPU
		{46C7B56A-6690-4CB0-B488-7FF1673BE269}.Debug|Any CPU.Build.0 = Debug|Any CPU
		{46C7B56A-6690-4CB0-B488-7FF1673BE269}.Release|Any CPU.ActiveCfg = Release|Any CPU
		{46C7B56A-6690-4CB0-B488-7FF1673BE269}.Release|Any CPU.Build.0 = Release|Any CPU
		{689B6214-3307-4330-B79B-851DEB99DFD0}.Debug|Any CPU.ActiveCfg = Debug|Any CPU
		{689B6214-3307-4330-B79B-851DEB99DFD0}.Debug|Any CPU.Build.0 = Debug|Any CPU
		{689B6214-3307-4330-B79B-851DEB99DFD0}.Release|Any CPU.ActiveCfg = Release|Any CPU
		{689B6214-3307-4330-B79B-851DEB99DFD0}.Release|Any CPU.Build.0 = Release|Any CPU
	EndGlobalSection
	GlobalSection(SolutionProperties) = preSolution
		HideSolutionNode = FALSE
	EndGlobalSection
	GlobalSection(NestedProjects) = preSolution
		{FF5B3B7A-4197-4A14-9FB5-B7EFCCD0101A} = {A83433A3-095F-4499-B3D7-11C540DBBE86}
		{B0F0BD1A-A34B-45F2-BA90-11C08F654013} = {73E7288B-CA47-44AA-8659-442ACC5625D8}
		{880D9F99-A18E-4218-96C2-9250E0460479} = {D7929B9F-32D7-4198-BE92-3AF634106A5B}
		{589A7CB2-039A-40F5-A2C1-8C5088C6A577} = {4F681B38-6F8B-495E-8A6E-4684703CDC69}
		{84E6D12E-2B48-46E7-A21D-FD984E47F24E} = {0D683191-C94C-4761-BA61-ACBDE0437951}
		{46C7B56A-6690-4CB0-B488-7FF1673BE269} = {AF0AB974-FCBA-46CF-A00C-D4D865E3AB34}
		{689B6214-3307-4330-B79B-851DEB99DFD0} = {B65B3D2A-DD3E-4319-A6E3-A6CD6086EC7B}
	EndGlobalSection
	GlobalSection(ExtensibilityGlobals) = postSolution
		SolutionGuid = {D34DBA72-DCC2-469D-970C-A493B669B87A}
	EndGlobalSection
EndGlobal
