
Microsoft Visual Studio Solution File, Format Version 12.00
# Visual Studio 15
VisualStudioVersion = 15.0.28307.168
MinimumVisualStudioVersion = 10.0.40219.1
Project("{2150E333-8FDC-42A3-9474-1A3956D46DE8}") = "单例Singleton", "单例Singleton", "{A83433A3-095F-4499-B3D7-11C540DBBE86}"
EndProject
Project("{FAE04EC0-301F-11D3-BF4B-00C04F79EFBC}") = "DesignPatterm.Singleton", "DesignPatterm.Singleton\DesignPatterm.Singleton.csproj", "{FF5B3B7A-4197-4A14-9FB5-B7EFCCD0101A}"
EndProject
Global
	GlobalSection(SolutionConfigurationPlatforms) = preSolution
		Debug|Any CPU = Debug|Any CPU
		Release|Any CPU = Release|Any CPU
	EndGlobalSection
	GlobalSection(ProjectConfigurationPlatforms) = postSolution
		{FF5B3B7A-4197-4A14-9FB5-B7EFCCD0101A}.Debug|Any CPU.ActiveCfg = Debug|Any CPU
		{FF5B3B7A-4197-4A14-9FB5-B7EFCCD0101A}.Debug|Any CPU.Build.0 = Debug|Any CPU
		{FF5B3B7A-4197-4A14-9FB5-B7EFCCD0101A}.Release|Any CPU.ActiveCfg = Release|Any CPU
		{FF5B3B7A-4197-4A14-9FB5-B7EFCCD0101A}.Release|Any CPU.Build.0 = Release|Any CPU
	EndGlobalSection
	GlobalSection(SolutionProperties) = preSolution
		HideSolutionNode = FALSE
	EndGlobalSection
	GlobalSection(NestedProjects) = preSolution
		{FF5B3B7A-4197-4A14-9FB5-B7EFCCD0101A} = {A83433A3-095F-4499-B3D7-11C540DBBE86}
	EndGlobalSection
	GlobalSection(ExtensibilityGlobals) = postSolution
		SolutionGuid = {D34DBA72-DCC2-469D-970C-A493B669B87A}
	EndGlobalSection
EndGlobal
